
Microsoft Visual Studio Solution File, Format Version 12.00
Project("{2150E333-8FDC-42A3-9474-1A3956D46DE8}") = "Server", "Server", "{0D57926F-1560-43DE-AACB-B58913A04174}"
EndProject
Project("{FAE04EC0-301F-11D3-BF4B-00C04F79EFBC}") = "Entities", "Server\Entities\Entities.csproj", "{53CF3FB4-FB50-4D6E-B5B5-086EA836769B}"
EndProject
Project("{FAE04EC0-301F-11D3-BF4B-00C04F79EFBC}") = "RepositoryContracts", "Server\RepositoryContracts\RepositoryContracts.csproj", "{CF0D2F12-2B8C-4BDA-B0F3-1E8D47EE8E69}"
EndProject
Project("{FAE04EC0-301F-11D3-BF4B-00C04F79EFBC}") = "InMemoryRepositories", "Server\InMemoryRepositories\InMemoryRepositories.csproj", "{6F25FA1C-562B-4BC6-BCCF-BFE3AD5E8003}"
EndProject
Global
	GlobalSection(SolutionConfigurationPlatforms) = preSolution
		Debug|Any CPU = Debug|Any CPU
		Release|Any CPU = Release|Any CPU
	EndGlobalSection
	GlobalSection(NestedProjects) = preSolution
		{53CF3FB4-FB50-4D6E-B5B5-086EA836769B} = {0D57926F-1560-43DE-AACB-B58913A04174}
		{CF0D2F12-2B8C-4BDA-B0F3-1E8D47EE8E69} = {0D57926F-1560-43DE-AACB-B58913A04174}
		{6F25FA1C-562B-4BC6-BCCF-BFE3AD5E8003} = {0D57926F-1560-43DE-AACB-B58913A04174}
	EndGlobalSection
	GlobalSection(ProjectConfigurationPlatforms) = postSolution
		{53CF3FB4-FB50-4D6E-B5B5-086EA836769B}.Debug|Any CPU.ActiveCfg = Debug|Any CPU
		{53CF3FB4-FB50-4D6E-B5B5-086EA836769B}.Debug|Any CPU.Build.0 = Debug|Any CPU
		{53CF3FB4-FB50-4D6E-B5B5-086EA836769B}.Release|Any CPU.ActiveCfg = Release|Any CPU
		{53CF3FB4-FB50-4D6E-B5B5-086EA836769B}.Release|Any CPU.Build.0 = Release|Any CPU
		{CF0D2F12-2B8C-4BDA-B0F3-1E8D47EE8E69}.Debug|Any CPU.ActiveCfg = Debug|Any CPU
		{CF0D2F12-2B8C-4BDA-B0F3-1E8D47EE8E69}.Debug|Any CPU.Build.0 = Debug|Any CPU
		{CF0D2F12-2B8C-4BDA-B0F3-1E8D47EE8E69}.Release|Any CPU.ActiveCfg = Release|Any CPU
		{CF0D2F12-2B8C-4BDA-B0F3-1E8D47EE8E69}.Release|Any CPU.Build.0 = Release|Any CPU
		{6F25FA1C-562B-4BC6-BCCF-BFE3AD5E8003}.Debug|Any CPU.ActiveCfg = Debug|Any CPU
		{6F25FA1C-562B-4BC6-BCCF-BFE3AD5E8003}.Debug|Any CPU.Build.0 = Debug|Any CPU
		{6F25FA1C-562B-4BC6-BCCF-BFE3AD5E8003}.Release|Any CPU.ActiveCfg = Release|Any CPU
		{6F25FA1C-562B-4BC6-BCCF-BFE3AD5E8003}.Release|Any CPU.Build.0 = Release|Any CPU
	EndGlobalSection
EndGlobal
